<?xml version="1.0" encoding="utf-8"?>
<Project ToolsVersion="4.0" xmlns="http://schemas.microsoft.com/developer/msbuild/2003">
  <ItemGroup>
    <Filter Include="ソース ファイル">
      <UniqueIdentifier>{4FC737F1-C7A5-4376-A066-2A32D752A2FF}</UniqueIdentifier>
      <Extensions>cpp;c;cc;cxx;c++;def;odl;idl;hpj;bat;asm;asmx</Extensions>
    </Filter>
    <Filter Include="ヘッダー ファイル">
      <UniqueIdentifier>{93995380-89BD-4b04-88EB-625FBE52EBFB}</UniqueIdentifier>
      <Extensions>h;hh;hpp;hxx;h++;hm;inl;inc;ipp;xsd</Extensions>
    </Filter>
    <Filter Include="リソース ファイル">
      <UniqueIdentifier>{67DA6AB6-F800-4c08-8B7A-83BB121AAD01}</UniqueIdentifier>
      <Extensions>rc;ico;cur;bmp;dlg;rc2;rct;bin;rgs;gif;jpg;jpeg;jpe;resx;tiff;tif;png;wav;mfcribbon-ms</Extensions>
    </Filter>
  </ItemGroup>
  <ItemGroup>
    <ClInclude Include="inc\TktkDX12Game\_MainManager\DX12GameManager.h">
      <Filter>ヘッダー ファイル</Filter>
    </ClInclude>
    <ClInclude Include="inc\TktkDX12GameLibDefinition.h">
      <Filter>ヘッダー ファイル</Filter>
    </ClInclude>
    <ClInclude Include="inc\TktkDX12Game\DXGameResource\DXGameResource.h">
      <Filter>ヘッダー ファイル</Filter>
    </ClInclude>
    <ClInclude Include="inc\TktkDX12Game\DXGameResource\DXGameDrawFuncArgs.h">
      <Filter>ヘッダー ファイル</Filter>
    </ClInclude>
    <ClInclude Include="inc\TktkDX12BaseComponents\2D\PostEffectDrawer\PostEffectDrawer.h">
      <Filter>ヘッダー ファイル</Filter>
    </ClInclude>
    <ClInclude Include="inc\TktkDX12BaseComponents\2D\PostEffectDrawer\PostEffectDrawerMaker.h">
      <Filter>ヘッダー ファイル</Filter>
    </ClInclude>
    <ClInclude Include="inc\TktkDX12BaseComponents\2D\SpriteDrawer\SpriteDrawer.h">
      <Filter>ヘッダー ファイル</Filter>
    </ClInclude>
    <ClInclude Include="inc\TktkDX12BaseComponents\2D\SpriteDrawer\SpriteDrawerMaker.h">
      <Filter>ヘッダー ファイル</Filter>
    </ClInclude>
    <ClInclude Include="inc\TktkDX12BaseComponents\2D\Transform2D\TraceParentType.h">
      <Filter>ヘッダー ファイル</Filter>
    </ClInclude>
    <ClInclude Include="inc\TktkDX12BaseComponents\2D\Transform2D\Transform2D.h">
      <Filter>ヘッダー ファイル</Filter>
    </ClInclude>
    <ClInclude Include="inc\TktkDX12BaseComponents\2D\Transform2D\Transform2DMaker.h">
      <Filter>ヘッダー ファイル</Filter>
    </ClInclude>
    <ClInclude Include="inc\TktkDX12BaseComponents\3D\MeshAnimator\MeshAnimator.h">
      <Filter>ヘッダー ファイル</Filter>
    </ClInclude>
    <ClInclude Include="inc\TktkDX12BaseComponents\3D\MeshAnimator\MeshAnimatorMaker.h">
      <Filter>ヘッダー ファイル</Filter>
    </ClInclude>
    <ClInclude Include="inc\TktkDX12BaseComponents\3D\Transform3D\Transform3D.h">
      <Filter>ヘッダー ファイル</Filter>
    </ClInclude>
    <ClInclude Include="inc\TktkDX12BaseComponents\3D\Transform3D\Transform3DMaker.h">
      <Filter>ヘッダー ファイル</Filter>
    </ClInclude>
    <ClInclude Include="inc\TktkDX12BaseComponents\3D\Camera\BasicCameraController.h">
      <Filter>ヘッダー ファイル</Filter>
    </ClInclude>
    <ClInclude Include="inc\TktkDX12Game\_MainManager\DX12GameManagerInitParam.h">
      <Filter>ヘッダー ファイル</Filter>
    </ClInclude>
    <ClInclude Include="inc\TktkDX12BaseComponents\3D\Camera\BasicCameraControllerMaker.h">
      <Filter>ヘッダー ファイル</Filter>
    </ClInclude>
    <ClInclude Include="inc\TktkDX12BaseComponents\3D\Camera\OrthographicCameraController.h">
      <Filter>ヘッダー ファイル</Filter>
    </ClInclude>
    <ClInclude Include="inc\TktkDX12BaseComponents\3D\Camera\OrthographicCameraControllerMaker.h">
      <Filter>ヘッダー ファイル</Filter>
    </ClInclude>
    <ClInclude Include="inc\TktkDX12BaseComponents\3D\Light\PointLightController.h">
      <Filter>ヘッダー ファイル</Filter>
    </ClInclude>
    <ClInclude Include="inc\TktkDX12BaseComponents\3D\Light\PointLightControllerMaker.h">
      <Filter>ヘッダー ファイル</Filter>
    </ClInclude>
    <ClInclude Include="inc\TktkDX12BaseComponents\Other\Sound\SoundPlayer.h">
      <Filter>ヘッダー ファイル</Filter>
    </ClInclude>
    <ClInclude Include="inc\TktkDX12Game\EventMessage\MessageAttachment.h">
      <Filter>ヘッダー ファイル</Filter>
    </ClInclude>
    <ClInclude Include="inc\TktkDX12BaseComponents\2D\CircleCollider\CircleCollider.h">
      <Filter>ヘッダー ファイル</Filter>
    </ClInclude>
    <ClInclude Include="inc\TktkDX12BaseComponents\2D\CircleCollider\CircleColliderMaker.h">
      <Filter>ヘッダー ファイル</Filter>
    </ClInclude>
    <ClInclude Include="inc\TktkDX12BaseComponents\2D\InertialMovement2D\InertialMovement2D.h">
      <Filter>ヘッダー ファイル</Filter>
    </ClInclude>
    <ClInclude Include="inc\TktkDX12BaseComponents\2D\InertialMovement2D\InertialMovement2DMaker.h">
      <Filter>ヘッダー ファイル</Filter>
    </ClInclude>
    <ClInclude Include="inc\TktkDX12BaseComponents\2D\InertialRotatement2D\InertialRotatement2D.h">
      <Filter>ヘッダー ファイル</Filter>
    </ClInclude>
    <ClInclude Include="inc\TktkDX12BaseComponents\2D\InertialRotatement2D\InertialRotatement2DMaker.h">
      <Filter>ヘッダー ファイル</Filter>
    </ClInclude>
    <ClInclude Include="inc\TktkDX12BaseComponents\2D\Polygon2dCollider\Polygon2dCollider.h">
      <Filter>ヘッダー ファイル</Filter>
    </ClInclude>
    <ClInclude Include="inc\TktkDX12BaseComponents\2D\Polygon2dCollider\Polygon2dColliderMaker.h">
      <Filter>ヘッダー ファイル</Filter>
    </ClInclude>
    <ClInclude Include="inc\TktkDX12BaseComponents\2D\RectCollider\RectCollider.h">
      <Filter>ヘッダー ファイル</Filter>
    </ClInclude>
    <ClInclude Include="inc\TktkDX12BaseComponents\2D\RectCollider\RectColliderMaker.h">
      <Filter>ヘッダー ファイル</Filter>
    </ClInclude>
    <ClInclude Include="inc\TktkDX12BaseComponents\3D\InertialMovement3D\InertialMovement3D.h">
      <Filter>ヘッダー ファイル</Filter>
    </ClInclude>
    <ClInclude Include="inc\TktkDX12BaseComponents\3D\InertialMovement3D\InertialMovement3DMaker.h">
      <Filter>ヘッダー ファイル</Filter>
    </ClInclude>
    <ClInclude Include="inc\TktkDX12BaseComponents\3D\SphereCollider\SphereCollider.h">
      <Filter>ヘッダー ファイル</Filter>
    </ClInclude>
    <ClInclude Include="inc\TktkDX12BaseComponents\3D\SphereCollider\SphereColliderMaker.h">
      <Filter>ヘッダー ファイル</Filter>
    </ClInclude>
    <ClInclude Include="inc\TktkDX12BaseComponents\Other\ReceiveMessageToSelfDestroyer\ReceiveMessageToSelfDestroyer.h">
      <Filter>ヘッダー ファイル</Filter>
    </ClInclude>
    <ClInclude Include="inc\TktkDX12BaseComponents\Other\ReceiveMessageToSelfDestroyer\ReceiveMessageToSelfDestroyerMaker.h">
      <Filter>ヘッダー ファイル</Filter>
    </ClInclude>
    <ClInclude Include="inc\TktkDX12BaseComponents\3D\Camera\FirstPersonModule.h">
      <Filter>ヘッダー ファイル</Filter>
    </ClInclude>
    <ClInclude Include="inc\TktkDX12BaseComponents\3D\Camera\FirstPersonModuleMaker.h">
      <Filter>ヘッダー ファイル</Filter>
    </ClInclude>
    <ClInclude Include="inc\TktkDX12BaseComponents\2D\Line2dDrawer\Line2DDrawer.h">
      <Filter>ヘッダー ファイル</Filter>
    </ClInclude>
    <ClInclude Include="inc\TktkDX12BaseComponents\2D\Line2dDrawer\Line2DDrawerMaker.h">
      <Filter>ヘッダー ファイル</Filter>
    </ClInclude>
    <ClInclude Include="inc\TktkDX12BaseComponents\2D\ColliderWireFrameDrawer2D\ColliderWireFrameDrawer2D.h">
      <Filter>ヘッダー ファイル</Filter>
    </ClInclude>
    <ClInclude Include="inc\TktkDX12BaseComponents\2D\ColliderWireFrameDrawer2D\ColliderWireFrameDrawer2DMaker.h">
      <Filter>ヘッダー ファイル</Filter>
    </ClInclude>
    <ClInclude Include="inc\TktkDX12BaseComponents\Components.h">
      <Filter>ヘッダー ファイル</Filter>
    </ClInclude>
    <ClInclude Include="inc\TktkDX12BaseComponents\3D\ColliderWireFrameDrawer3D\ColliderWireFrameDrawer3D.h">
      <Filter>ヘッダー ファイル</Filter>
    </ClInclude>
    <ClInclude Include="inc\TktkDX12BaseComponents\3D\ColliderWireFrameDrawer3D\ColliderWireFrameDrawer3DMaker.h">
      <Filter>ヘッダー ファイル</Filter>
    </ClInclude>
    <ClInclude Include="inc\TktkDX12Game\TktkDX12Game.h">
      <Filter>ヘッダー ファイル</Filter>
    </ClInclude>
    <ClInclude Include="inc\TktkDX12BaseComponents\3D\Light\DirectionalLightController.h">
      <Filter>ヘッダー ファイル</Filter>
    </ClInclude>
    <ClInclude Include="inc\TktkDX12BaseComponents\3D\Light\DirectionalLightControllerMaker.h">
      <Filter>ヘッダー ファイル</Filter>
    </ClInclude>
    <ClInclude Include="inc\TktkDX12BaseComponents\2D\SpriteDrawer\SpriteClippingDrawer.h">
      <Filter>ヘッダー ファイル</Filter>
    </ClInclude>
    <ClInclude Include="inc\TktkDX12BaseComponents\2D\SpriteDrawer\SpriteClippingDrawerMaker.h">
      <Filter>ヘッダー ファイル</Filter>
    </ClInclude>
    <ClInclude Include="inc\TktkDX12BaseComponents\3D\BillboardDrawer\BillboardDrawer.h">
      <Filter>ヘッダー ファイル</Filter>
    </ClInclude>
    <ClInclude Include="inc\TktkDX12BaseComponents\3D\BillboardDrawer\BillboardDrawerMaker.h">
      <Filter>ヘッダー ファイル</Filter>
    </ClInclude>
    <ClInclude Include="inc\TktkDX12BaseComponents\3D\BoxCollider\BoxCollider.h">
      <Filter>ヘッダー ファイル</Filter>
    </ClInclude>
    <ClInclude Include="inc\TktkDX12BaseComponents\3D\BoxCollider\BoxColliderMaker.h">
      <Filter>ヘッダー ファイル</Filter>
    </ClInclude>
    <ClInclude Include="inc\TktkDX12BaseComponents\Other\Sound\SoundPlayerMaker.h">
      <Filter>ヘッダー ファイル</Filter>
    </ClInclude>
    <ClInclude Include="inc\TktkDX12GameLib.h">
      <Filter>ヘッダー ファイル</Filter>
    </ClInclude>
    <ClInclude Include="inc\TktkDX12BaseComponents\3D\MeshAnimator\MotionChanger.h">
      <Filter>ヘッダー ファイル</Filter>
    </ClInclude>
    <ClInclude Include="inc\TktkDX12BaseComponents\3D\MeshAnimator\MotionChangerMaker.h">
      <Filter>ヘッダー ファイル</Filter>
    </ClInclude>
    <ClInclude Include="inc\TktkDX12Game\EventMessage\MessageTypeCarrier.h">
      <Filter>ヘッダー ファイル</Filter>
    </ClInclude>
    <ClInclude Include="inc\TktkDX12Game\PrimitiveTypeWrapper\SignedInt32Wrapper.h">
      <Filter>ヘッダー ファイル</Filter>
    </ClInclude>
    <ClInclude Include="inc\TktkDX12Game\UtilityProcessManager\InputManager\CommandTypeManager\CommandIdCarrier.h">
      <Filter>ヘッダー ファイル</Filter>
    </ClInclude>
    <ClInclude Include="inc\TktkDX12Game\UtilityProcessManager\InputManager\CommandTypeManager\CommandIdTarget.h">
      <Filter>ヘッダー ファイル</Filter>
    </ClInclude>
    <ClInclude Include="inc\TktkDX12Game\UtilityProcessManager\InputManager\CommandTypeManager\CommandTypeManager.h">
      <Filter>ヘッダー ファイル</Filter>
    </ClInclude>
    <ClInclude Include="inc\TktkDX12Game\UtilityProcessManager\InputManager\CommandTypeManager\DirectionCommandId.h">
      <Filter>ヘッダー ファイル</Filter>
    </ClInclude>
    <ClInclude Include="inc\TktkDX12Game\UtilityProcessManager\InputManager\InputGetter\DirectInputWrapper\DirectInputWrapper.h">
      <Filter>ヘッダー ファイル</Filter>
    </ClInclude>
    <ClInclude Include="inc\TktkDX12Game\UtilityProcessManager\InputManager\InputGetter\InputGetter.h">
      <Filter>ヘッダー ファイル</Filter>
    </ClInclude>
    <ClInclude Include="inc\TktkDX12Game\UtilityProcessManager\InputManager\InputManager.h">
      <Filter>ヘッダー ファイル</Filter>
    </ClInclude>
    <ClInclude Include="inc\TktkDX12Game\UtilityProcessManager\TimeManager\ElapsedTimer.h">
      <Filter>ヘッダー ファイル</Filter>
    </ClInclude>
    <ClInclude Include="inc\TktkDX12Game\UtilityProcessManager\UtilityProcessManager.h">
      <Filter>ヘッダー ファイル</Filter>
    </ClInclude>
    <ClInclude Include="inc\TktkDX12Game\UtilityProcessManager\ResourceHandleGetter\ResourceIdConverter\ResourceIdCarrier.h">
      <Filter>ヘッダー ファイル</Filter>
    </ClInclude>
    <ClInclude Include="inc\TktkDX12Game\UtilityProcessManager\ResourceHandleGetter\ResourceIdConverter\ResourceIdConverter.h">
      <Filter>ヘッダー ファイル</Filter>
    </ClInclude>
    <ClInclude Include="inc\TktkDX12Game\UtilityProcessManager\ResourceHandleGetter\ResourceHandleGetter.h">
      <Filter>ヘッダー ファイル</Filter>
    </ClInclude>
    <ClInclude Include="inc\TktkDX12Game\UtilityProcessManager\ResourceHandleGetter\SystemResourceHandleGetter\IdType\SystemBasicDescriptorHeapType.h">
      <Filter>ヘッダー ファイル</Filter>
    </ClInclude>
    <ClInclude Include="inc\TktkDX12Game\UtilityProcessManager\ResourceHandleGetter\SystemResourceHandleGetter\IdType\SystemBasicMeshMaterialType.h">
      <Filter>ヘッダー ファイル</Filter>
    </ClInclude>
    <ClInclude Include="inc\TktkDX12Game\UtilityProcessManager\ResourceHandleGetter\SystemResourceHandleGetter\IdType\SystemBasicMeshType.h">
      <Filter>ヘッダー ファイル</Filter>
    </ClInclude>
    <ClInclude Include="inc\TktkDX12Game\UtilityProcessManager\ResourceHandleGetter\SystemResourceHandleGetter\IdType\SystemCameraType.h">
      <Filter>ヘッダー ファイル</Filter>
    </ClInclude>
    <ClInclude Include="inc\TktkDX12Game\UtilityProcessManager\ResourceHandleGetter\SystemResourceHandleGetter\IdType\SystemConstantBufferType.h">
      <Filter>ヘッダー ファイル</Filter>
    </ClInclude>
    <ClInclude Include="inc\TktkDX12Game\UtilityProcessManager\ResourceHandleGetter\SystemResourceHandleGetter\IdType\SystemDepthStencilBufferType.h">
      <Filter>ヘッダー ファイル</Filter>
    </ClInclude>
    <ClInclude Include="inc\TktkDX12Game\UtilityProcessManager\ResourceHandleGetter\SystemResourceHandleGetter\IdType\SystemDsvDescriptorHeapType.h">
      <Filter>ヘッダー ファイル</Filter>
    </ClInclude>
    <ClInclude Include="inc\TktkDX12Game\UtilityProcessManager\ResourceHandleGetter\SystemResourceHandleGetter\IdType\SystemIndexBufferType.h">
      <Filter>ヘッダー ファイル</Filter>
    </ClInclude>
    <ClInclude Include="inc\TktkDX12Game\UtilityProcessManager\ResourceHandleGetter\SystemResourceHandleGetter\IdType\SystemLightType.h">
      <Filter>ヘッダー ファイル</Filter>
    </ClInclude>
    <ClInclude Include="inc\TktkDX12Game\UtilityProcessManager\ResourceHandleGetter\SystemResourceHandleGetter\IdType\SystemPipeLineStateType.h">
      <Filter>ヘッダー ファイル</Filter>
    </ClInclude>
    <ClInclude Include="inc\TktkDX12Game\UtilityProcessManager\ResourceHandleGetter\SystemResourceHandleGetter\IdType\SystemPostEffectMaterialType.h">
      <Filter>ヘッダー ファイル</Filter>
    </ClInclude>
    <ClInclude Include="inc\TktkDX12Game\UtilityProcessManager\ResourceHandleGetter\SystemResourceHandleGetter\IdType\SystemRenderTargetBufferType.h">
      <Filter>ヘッダー ファイル</Filter>
    </ClInclude>
    <ClInclude Include="inc\TktkDX12Game\UtilityProcessManager\ResourceHandleGetter\SystemResourceHandleGetter\IdType\SystemRootSignatureType.h">
      <Filter>ヘッダー ファイル</Filter>
    </ClInclude>
    <ClInclude Include="inc\TktkDX12Game\UtilityProcessManager\ResourceHandleGetter\SystemResourceHandleGetter\IdType\SystemRtvDescriptorHeapType.h">
      <Filter>ヘッダー ファイル</Filter>
    </ClInclude>
    <ClInclude Include="inc\TktkDX12Game\UtilityProcessManager\ResourceHandleGetter\SystemResourceHandleGetter\IdType\SystemScissorRectType.h">
      <Filter>ヘッダー ファイル</Filter>
    </ClInclude>
    <ClInclude Include="inc\TktkDX12Game\UtilityProcessManager\ResourceHandleGetter\SystemResourceHandleGetter\IdType\SystemTextureBufferType.h">
      <Filter>ヘッダー ファイル</Filter>
    </ClInclude>
    <ClInclude Include="inc\TktkDX12Game\UtilityProcessManager\ResourceHandleGetter\SystemResourceHandleGetter\IdType\SystemVertexBufferType.h">
      <Filter>ヘッダー ファイル</Filter>
    </ClInclude>
    <ClInclude Include="inc\TktkDX12Game\UtilityProcessManager\ResourceHandleGetter\SystemResourceHandleGetter\IdType\SystemViewportType.h">
      <Filter>ヘッダー ファイル</Filter>
    </ClInclude>
    <ClInclude Include="inc\TktkDX12Game\UtilityProcessManager\ResourceHandleGetter\SystemResourceHandleGetter\SystemResourceHandleGetter.h">
      <Filter>ヘッダー ファイル</Filter>
    </ClInclude>
    <ClInclude Include="inc\TktkDX12Game\GraphicManager\GraphicManager.h">
      <Filter>ヘッダー ファイル</Filter>
    </ClInclude>
    <ClInclude Include="inc\TktkDX12Game\DXGameResource\Draw3DParameters\Draw3DParameters.h">
      <Filter>ヘッダー ファイル</Filter>
    </ClInclude>
    <ClInclude Include="inc\TktkDX12Game\DXGameResource\Draw3DParameters\Camera\CameraData.h">
      <Filter>ヘッダー ファイル</Filter>
    </ClInclude>
    <ClInclude Include="inc\TktkDX12Game\DXGameResource\Draw3DParameters\Light\LightCBuffer.h">
      <Filter>ヘッダー ファイル</Filter>
    </ClInclude>
    <ClInclude Include="inc\TktkDX12Game\DXGameResource\Draw3DParameters\Light\LightData.h">
      <Filter>ヘッダー ファイル</Filter>
    </ClInclude>
    <ClInclude Include="inc\TktkDX12Game\DXGameResource\Draw3DParameters\Light\LightType.h">
      <Filter>ヘッダー ファイル</Filter>
    </ClInclude>
    <ClInclude Include="inc\TktkDX12Game\DXGameResource\Draw3DParameters\Draw3DParametersInitParam.h">
      <Filter>ヘッダー ファイル</Filter>
    </ClInclude>
    <ClInclude Include="inc\TktkDX12Game\DXGameResource\OtherResouse\Scene\SceneBase.h">
      <Filter>ヘッダー ファイル</Filter>
    </ClInclude>
    <ClInclude Include="inc\TktkDX12Game\DXGameResource\OtherResouse\Scene\SceneInstanceCarrier.h">
      <Filter>ヘッダー ファイル</Filter>
    </ClInclude>
    <ClInclude Include="inc\TktkDX12Game\DXGameResource\OtherResouse\Scene\SceneManager.h">
      <Filter>ヘッダー ファイル</Filter>
    </ClInclude>
    <ClInclude Include="inc\TktkDX12Game\DXGameResource\OtherResouse\Scene\SceneVTable.h">
      <Filter>ヘッダー ファイル</Filter>
    </ClInclude>
    <ClInclude Include="inc\TktkDX12Game\DXGameResource\OtherResouse\Sound\CSoundCallback.h">
      <Filter>ヘッダー ファイル</Filter>
    </ClInclude>
    <ClInclude Include="inc\TktkDX12Game\DXGameResource\OtherResouse\Sound\SoundData.h">
      <Filter>ヘッダー ファイル</Filter>
    </ClInclude>
    <ClInclude Include="inc\TktkDX12Game\DXGameResource\OtherResouse\Sound\SoundPlayState.h">
      <Filter>ヘッダー ファイル</Filter>
    </ClInclude>
    <ClInclude Include="inc\TktkDX12Game\DXGameResource\OtherResouse\Scene\SceneInitParam.h">
      <Filter>ヘッダー ファイル</Filter>
    </ClInclude>
    <ClInclude Include="inc\TktkDX12Game\DXGameResource\OtherResouse\OtherResouse.h">
      <Filter>ヘッダー ファイル</Filter>
    </ClInclude>
    <ClInclude Include="inc\TktkDX12Game\DXGameResource\OtherResouse\OtherResouseInitParam.h">
      <Filter>ヘッダー ファイル</Filter>
    </ClInclude>
    <ClInclude Include="inc\TktkDX12Game\DXGameResource\DXGameShaderResouse\Billboard\BillboardDrawFuncBaseArgs.h">
      <Filter>ヘッダー ファイル</Filter>
    </ClInclude>
    <ClInclude Include="inc\TktkDX12Game\DXGameResource\DXGameShaderResouse\Billboard\BillboardMaterialData.h">
      <Filter>ヘッダー ファイル</Filter>
    </ClInclude>
    <ClInclude Include="inc\TktkDX12Game\DXGameResource\DXGameShaderResouse\Billboard\BillboardMaterialInitParam.h">
      <Filter>ヘッダー ファイル</Filter>
    </ClInclude>
    <ClInclude Include="inc\TktkDX12Game\DXGameResource\DXGameShaderResouse\Line2D\Line2DConstantBufferData.h">
      <Filter>ヘッダー ファイル</Filter>
    </ClInclude>
    <ClInclude Include="inc\TktkDX12Game\DXGameResource\DXGameShaderResouse\Line2D\Line2DMaterialData.h">
      <Filter>ヘッダー ファイル</Filter>
    </ClInclude>
    <ClInclude Include="inc\TktkDX12Game\DXGameResource\DXGameShaderResouse\Line2D\Line2DMaterialDrawFuncArgs.h">
      <Filter>ヘッダー ファイル</Filter>
    </ClInclude>
    <ClInclude Include="inc\TktkDX12Game\DXGameResource\DXGameShaderResouse\PostEffect\PostEffectMaterialData.h">
      <Filter>ヘッダー ファイル</Filter>
    </ClInclude>
    <ClInclude Include="inc\TktkDX12Game\DXGameResource\DXGameShaderResouse\PostEffect\PostEffectMaterialDrawFuncArgs.h">
      <Filter>ヘッダー ファイル</Filter>
    </ClInclude>
    <ClInclude Include="inc\TktkDX12Game\DXGameResource\DXGameShaderResouse\PostEffect\PostEffectMaterialInitParam.h">
      <Filter>ヘッダー ファイル</Filter>
    </ClInclude>
    <ClInclude Include="inc\TktkDX12Game\DXGameResource\DXGameShaderResouse\Sprite\SpriteClippingParam.h">
      <Filter>ヘッダー ファイル</Filter>
    </ClInclude>
    <ClInclude Include="inc\TktkDX12Game\DXGameResource\DXGameShaderResouse\Sprite\SpriteMaterialCbufferData.h">
      <Filter>ヘッダー ファイル</Filter>
    </ClInclude>
    <ClInclude Include="inc\TktkDX12Game\DXGameResource\DXGameShaderResouse\Sprite\SpriteMaterialData.h">
      <Filter>ヘッダー ファイル</Filter>
    </ClInclude>
    <ClInclude Include="inc\TktkDX12Game\DXGameResource\DXGameShaderResouse\Sprite\SpriteMaterialDrawFuncArgs.h">
      <Filter>ヘッダー ファイル</Filter>
    </ClInclude>
    <ClInclude Include="inc\TktkDX12Game\DXGameResource\DXGameShaderResouse\Sprite\SpriteMaterialInitParam.h">
      <Filter>ヘッダー ファイル</Filter>
    </ClInclude>
    <ClInclude Include="inc\TktkDX12Game\DXGameResource\DXGameShaderResouse\Sprite\SpriteTransformCbuffer.h">
      <Filter>ヘッダー ファイル</Filter>
    </ClInclude>
    <ClInclude Include="inc\TktkDX12Game\DXGameResource\DXGameShaderResouse\Billboard\BillboardMaterialManagerInitParam.h">
      <Filter>ヘッダー ファイル</Filter>
    </ClInclude>
    <ClInclude Include="inc\TktkDX12Game\DXGameResource\DXGameShaderResouse\Line2D\Line2DMaterialManagerInitParam.h">
      <Filter>ヘッダー ファイル</Filter>
    </ClInclude>
    <ClInclude Include="inc\TktkDX12Game\DXGameResource\DXGameShaderResouse\PostEffect\PostEffectMaterialManagerInitParam.h">
      <Filter>ヘッダー ファイル</Filter>
    </ClInclude>
    <ClInclude Include="inc\TktkDX12Game\DXGameResource\DXGameShaderResouse\Sprite\SpriteMaterialManagerInitParam.h">
      <Filter>ヘッダー ファイル</Filter>
    </ClInclude>
    <ClInclude Include="inc\TktkDX12Game\DXGameResource\DXGameShaderResouse\Sprite\SpriteCbufferUpdateFuncArgs.h">
      <Filter>ヘッダー ファイル</Filter>
    </ClInclude>
    <ClInclude Include="inc\TktkDX12Game\DXGameResource\DXGameShaderResouse\MeshResouse\Motion\MotionBoneParam.h">
      <Filter>ヘッダー ファイル</Filter>
    </ClInclude>
    <ClInclude Include="inc\TktkDX12Game\DXGameResource\DXGameShaderResouse\MeshResouse\Motion\MotionData.h">
      <Filter>ヘッダー ファイル</Filter>
    </ClInclude>
    <ClInclude Include="inc\TktkDX12Game\DXGameResource\DXGameShaderResouse\MeshResouse\Skeleton\BoneMatrixCbufferData.h">
      <Filter>ヘッダー ファイル</Filter>
    </ClInclude>
    <ClInclude Include="inc\TktkDX12Game\DXGameResource\DXGameShaderResouse\MeshResouse\Skeleton\SkeletonData.h">
      <Filter>ヘッダー ファイル</Filter>
    </ClInclude>
    <ClInclude Include="inc\TktkDX12Game\DXGameResource\DXGameShaderResouse\MeshResouse\Skeleton\SkeletonInitParam.h">
      <Filter>ヘッダー ファイル</Filter>
    </ClInclude>
    <ClInclude Include="inc\TktkDX12Game\DXGameResource\DXGameShaderResouse\MeshResouse\MeshResource.h">
      <Filter>ヘッダー ファイル</Filter>
    </ClInclude>
    <ClInclude Include="inc\TktkDX12Game\DXGameResource\DXGameShaderResouse\MeshResouse\Mesh\Maker\BoxMeshMaker.h">
      <Filter>ヘッダー ファイル</Filter>
    </ClInclude>
    <ClInclude Include="inc\TktkDX12Game\DXGameResource\DXGameShaderResouse\MeshResouse\Mesh\Maker\SphereMeshMaker.h">
      <Filter>ヘッダー ファイル</Filter>
    </ClInclude>
    <ClInclude Include="inc\TktkDX12Game\DXGameResource\DXGameShaderResouse\MeshResouse\Mesh\Structs\Subset.h">
      <Filter>ヘッダー ファイル</Filter>
    </ClInclude>
    <ClInclude Include="inc\TktkDX12Game\DXGameResource\DXGameShaderResouse\MeshResouse\Mesh\MeshData.h">
      <Filter>ヘッダー ファイル</Filter>
    </ClInclude>
    <ClInclude Include="inc\TktkDX12Game\DXGameResource\DXGameShaderResouse\MeshResouse\Mesh\Loader\MeshLoadPmdArgs.h">
      <Filter>ヘッダー ファイル</Filter>
    </ClInclude>
    <ClInclude Include="inc\TktkDX12Game\DXGameResource\DXGameShaderResouse\MeshResouse\Mesh\Loader\MeshLoadPmdReturnValue.h">
      <Filter>ヘッダー ファイル</Filter>
    </ClInclude>
    <ClInclude Include="inc\TktkDX12Game\DXGameResource\DXGameShaderResouse\MeshResouse\Mesh\Loader\MeshLoadPmxArgs.h">
      <Filter>ヘッダー ファイル</Filter>
    </ClInclude>
    <ClInclude Include="inc\TktkDX12Game\DXGameResource\DXGameShaderResouse\MeshResouse\Mesh\Loader\MeshLoadPmxReturnValue.h">
      <Filter>ヘッダー ファイル</Filter>
    </ClInclude>
    <ClInclude Include="inc\TktkDX12Game\DXGameResource\DXGameShaderResouse\MeshResouse\Mesh\Loader\MeshPmdLoader.h">
      <Filter>ヘッダー ファイル</Filter>
    </ClInclude>
    <ClInclude Include="inc\TktkDX12Game\DXGameResource\DXGameShaderResouse\MeshResouse\Mesh\Loader\MeshPmxLoader.h">
      <Filter>ヘッダー ファイル</Filter>
    </ClInclude>
    <ClInclude Include="inc\TktkDX12Game\DXGameResource\DXGameShaderResouse\MeshResouse\MeshMaterial\MeshMaterialAppendParam.h">
      <Filter>ヘッダー ファイル</Filter>
    </ClInclude>
    <ClInclude Include="inc\TktkDX12Game\DXGameResource\DXGameShaderResouse\MeshResouse\MeshMaterial\MeshMaterialData.h">
      <Filter>ヘッダー ファイル</Filter>
    </ClInclude>
    <ClInclude Include="inc\TktkDX12Game\DXGameResource\DXGameShaderResouse\MeshResouse\Mesh\Structs\MeshInitParam.h">
      <Filter>ヘッダー ファイル</Filter>
    </ClInclude>
    <ClInclude Include="inc\TktkDX12Game\DXGameResource\DXGameShaderResouse\MeshResouse\Mesh\Structs\MeshDrawFuncBaseArgs.h">
      <Filter>ヘッダー ファイル</Filter>
    </ClInclude>
    <ClInclude Include="inc\TktkDX12Game\DXGameResource\DXGameShaderResouse\MeshResouse\Mesh\Structs\MeshShadowMapCBuffer.h">
      <Filter>ヘッダー ファイル</Filter>
    </ClInclude>
    <ClInclude Include="inc\TktkDX12Game\DXGameResource\DXGameShaderResouse\MeshResouse\Mesh\MeshManager.h">
      <Filter>ヘッダー ファイル</Filter>
    </ClInclude>
    <ClInclude Include="inc\TktkDX12Game\DXGameResource\DXGameShaderResouse\MeshResouse\MeshMaterial\Structs\MeshMaterialCbuffer.h">
      <Filter>ヘッダー ファイル</Filter>
    </ClInclude>
    <ClInclude Include="inc\TktkDX12Game\DXGameResource\DXGameShaderResouse\MeshResouse\MeshMaterial\Structs\MeshMaterialAppendParamInitParam.h">
      <Filter>ヘッダー ファイル</Filter>
    </ClInclude>
    <ClInclude Include="inc\TktkDX12Game\DXGameResource\DXGameShaderResouse\MeshResouse\MeshMaterial\Structs\MeshMaterialInitParam.h">
      <Filter>ヘッダー ファイル</Filter>
    </ClInclude>
    <ClInclude Include="inc\TktkDX12Game\DXGameResource\DXGameShaderResouse\MeshResouse\MeshMaterial\Structs\MeshMaterialAppendParamUpdateFuncArgs.h">
      <Filter>ヘッダー ファイル</Filter>
    </ClInclude>
    <ClInclude Include="inc\TktkDX12Game\DXGameResource\DXGameShaderResouse\MeshResouse\MeshMaterial\MeshMaterialManager.h">
      <Filter>ヘッダー ファイル</Filter>
    </ClInclude>
    <ClInclude Include="inc\TktkDX12Game\DXGameResource\DXGameShaderResouse\MeshResouse\MeshMaterial\Structs\MonoColorMeshCbuffer.h">
      <Filter>ヘッダー ファイル</Filter>
    </ClInclude>
    <ClInclude Include="inc\TktkDX12Game\DXGameResource\DXGameShaderResouse\MeshResouse\Structs\MeshResourceInitParam.h">
      <Filter>ヘッダー ファイル</Filter>
    </ClInclude>
    <ClInclude Include="inc\TktkDX12Game\DXGameResource\DXGameShaderResouse\DXGameShaderResouse.h">
      <Filter>ヘッダー ファイル</Filter>
    </ClInclude>
    <ClInclude Include="inc\TktkDX12Game\DXGameResource\DXGameShaderResouse\DXGameShaderResouseInitParam.h">
      <Filter>ヘッダー ファイル</Filter>
    </ClInclude>
    <ClInclude Include="inc\TktkDX12Game\DXGameResource\GameObjectResouse\Component\ComponentCollisionFunc\CollisionGroupTypeCarrier.h">
      <Filter>ヘッダー ファイル</Filter>
    </ClInclude>
    <ClInclude Include="inc\TktkDX12Game\DXGameResource\GameObjectResouse\Component\ComponentCollisionFunc\ComponentCollisionFuncRunner.h">
      <Filter>ヘッダー ファイル</Filter>
    </ClInclude>
    <ClInclude Include="inc\TktkDX12Game\DXGameResource\GameObjectResouse\Component\ComponentCollisionFunc\ComponentCollisionList.h">
      <Filter>ヘッダー ファイル</Filter>
    </ClInclude>
    <ClInclude Include="inc\TktkDX12Game\DXGameResource\GameObjectResouse\Component\ComponentDrawFunc\ComponentDrawFuncRunner.h">
      <Filter>ヘッダー ファイル</Filter>
    </ClInclude>
    <ClInclude Include="inc\TktkDX12Game\DXGameResource\GameObjectResouse\Component\ComponentDrawFunc\ComponentDrawList.h">
      <Filter>ヘッダー ファイル</Filter>
    </ClInclude>
    <ClInclude Include="inc\TktkDX12Game\DXGameResource\GameObjectResouse\Component\ComponentGameObjectFunc\ComponentGameObjectFuncRunner.h">
      <Filter>ヘッダー ファイル</Filter>
    </ClInclude>
    <ClInclude Include="inc\TktkDX12Game\DXGameResource\GameObjectResouse\Component\ComponentGameObjectFunc\GameObjectComponentList.h">
      <Filter>ヘッダー ファイル</Filter>
    </ClInclude>
    <ClInclude Include="inc\TktkDX12Game\DXGameResource\GameObjectResouse\Component\ComponentStartFunc\ComponentStartFuncRunner.h">
      <Filter>ヘッダー ファイル</Filter>
    </ClInclude>
    <ClInclude Include="inc\TktkDX12Game\DXGameResource\GameObjectResouse\Component\ComponentStartFunc\ComponentStartList.h">
      <Filter>ヘッダー ファイル</Filter>
    </ClInclude>
    <ClInclude Include="inc\TktkDX12Game\DXGameResource\GameObjectResouse\Component\DefaultComponents\ParentChildManager\ChildList.h">
      <Filter>ヘッダー ファイル</Filter>
    </ClInclude>
    <ClInclude Include="inc\TktkDX12Game\DXGameResource\GameObjectResouse\Component\DefaultComponents\ParentChildManager\ParentChildManager.h">
      <Filter>ヘッダー ファイル</Filter>
    </ClInclude>
    <ClInclude Include="inc\TktkDX12Game\DXGameResource\GameObjectResouse\Component\DefaultComponents\StateMachine\CurStateTypeList.h">
      <Filter>ヘッダー ファイル</Filter>
    </ClInclude>
    <ClInclude Include="inc\TktkDX12Game\DXGameResource\GameObjectResouse\Component\DefaultComponents\StateMachine\StateMachine.h">
      <Filter>ヘッダー ファイル</Filter>
    </ClInclude>
    <ClInclude Include="inc\TktkDX12Game\DXGameResource\GameObjectResouse\Component\DefaultComponents\StateMachine\StateMachineList.h">
      <Filter>ヘッダー ファイル</Filter>
    </ClInclude>
    <ClInclude Include="inc\TktkDX12Game\DXGameResource\GameObjectResouse\Component\ComponentBase.h">
      <Filter>ヘッダー ファイル</Filter>
    </ClInclude>
    <ClInclude Include="inc\TktkDX12Game\DXGameResource\GameObjectResouse\Component\ComponentBasePtr.h">
      <Filter>ヘッダー ファイル</Filter>
    </ClInclude>
    <ClInclude Include="inc\TktkDX12Game\DXGameResource\GameObjectResouse\Component\ComponentManager.h">
      <Filter>ヘッダー ファイル</Filter>
    </ClInclude>
    <ClInclude Include="inc\TktkDX12Game\DXGameResource\GameObjectResouse\Component\ComponentPtr.h">
      <Filter>ヘッダー ファイル</Filter>
    </ClInclude>
    <ClInclude Include="inc\TktkDX12Game\DXGameResource\GameObjectResouse\GameObject\GameObject.h">
      <Filter>ヘッダー ファイル</Filter>
    </ClInclude>
    <ClInclude Include="inc\TktkDX12Game\DXGameResource\GameObjectResouse\GameObject\GameObjectManager.h">
      <Filter>ヘッダー ファイル</Filter>
    </ClInclude>
    <ClInclude Include="inc\TktkDX12Game\DXGameResource\GameObjectResouse\GameObject\GameObjectPtr.h">
      <Filter>ヘッダー ファイル</Filter>
    </ClInclude>
    <ClInclude Include="inc\TktkDX12Game\DXGameResource\GameObjectResouse\GameObject\GameObjectTagCarrier.h">
      <Filter>ヘッダー ファイル</Filter>
    </ClInclude>
    <ClInclude Include="inc\TktkDX12Game\DXGameResource\GameObjectResouse\GameObject\GameObjectTagList.h">
      <Filter>ヘッダー ファイル</Filter>
    </ClInclude>
    <ClInclude Include="inc\TktkDX12Game\DXGameResource\GameObjectResouse\Component\PriorityList\ComponentRunFuncPriorityList.h">
      <Filter>ヘッダー ファイル</Filter>
    </ClInclude>
    <ClInclude Include="inc\TktkDX12Game\DXGameResource\GameObjectResouse\Component\ComponentVTable.h">
      <Filter>ヘッダー ファイル</Filter>
    </ClInclude>
    <ClInclude Include="inc\TktkDX12Game\DXGameResource\GameObjectResouse\Component\ComponentMainList\ComponentTypeList.h">
      <Filter>ヘッダー ファイル</Filter>
    </ClInclude>
    <ClInclude Include="inc\TktkDX12Game\DXGameResource\GameObjectResouse\Component\ComponentMainList\ComponentListVTable.h">
      <Filter>ヘッダー ファイル</Filter>
    </ClInclude>
    <ClInclude Include="inc\TktkDX12Game\DXGameResource\GameObjectResouse\Component\ComponentMainList\ComponentMainList.h">
      <Filter>ヘッダー ファイル</Filter>
    </ClInclude>
    <ClInclude Include="inc\TktkDX12Game\DXGameResource\GameObjectResouse\GameObjectResouse.h">
      <Filter>ヘッダー ファイル</Filter>
    </ClInclude>
    <ClInclude Include="inc\TktkDX12Game\DXGameResource\DXGameResourceInitParam.h">
      <Filter>ヘッダー ファイル</Filter>
    </ClInclude>
    <ClInclude Include="inc\TktkDX12Game\DXGameResource\GameObjectResouse\Component\DefaultComponents\StateMachine\Structs\StateMachineListInitParam.h">
      <Filter>ヘッダー ファイル</Filter>
    </ClInclude>
    <ClInclude Include="inc\TktkDX12Game\DXGameResource\GameObjectResouse\Component\DefaultComponents\StateMachine\Structs\StateTypeCarrier.h">
      <Filter>ヘッダー ファイル</Filter>
    </ClInclude>
    <ClInclude Include="inc\TktkDX12Game\DXGameResource\GameObjectResouse\Component\DefaultComponents\StateMachine\Structs\StateTypeHierarchy.h">
      <Filter>ヘッダー ファイル</Filter>
    </ClInclude>
    <ClInclude Include="inc\TktkDX12Game\DXGameResource\GameObjectResouse\Component\DefaultComponents\StateMachine\Structs\StateTypeList.h">
      <Filter>ヘッダー ファイル</Filter>
    </ClInclude>
    <ClInclude Include="inc\TktkDX12GameLibInitializer.h">
      <Filter>ヘッダー ファイル</Filter>
    </ClInclude>
    <ClInclude Include="inc\TktkDX12Game\UtilityProcessManager\InputManager\InputGetter\MouseInputGetter\MouseBtnType.h">
      <Filter>ヘッダー ファイル</Filter>
    </ClInclude>
    <ClInclude Include="inc\TktkDX12Game\UtilityProcessManager\InputManager\InputGetter\MouseInputGetter\MouseInputGetter.h">
      <Filter>ヘッダー ファイル</Filter>
    </ClInclude>
    <ClInclude Include="inc\TktkDX12Game\UtilityProcessManager\InputManager\InputGetter\DirectInputWrapper\GamePadInputGetter\GamePadBtnType.h">
      <Filter>ヘッダー ファイル</Filter>
    </ClInclude>
    <ClInclude Include="inc\TktkDX12Game\UtilityProcessManager\InputManager\InputGetter\DirectInputWrapper\GamePadInputGetter\GamePadInputGetter.h">
      <Filter>ヘッダー ファイル</Filter>
    </ClInclude>
    <ClInclude Include="inc\TktkDX12Game\UtilityProcessManager\InputManager\InputGetter\DirectInputWrapper\KeyboardInputGetter\KeyboardInputGetter.h">
      <Filter>ヘッダー ファイル</Filter>
    </ClInclude>
    <ClInclude Include="inc\TktkDX12Game\UtilityProcessManager\InputManager\InputGetter\DirectInputWrapper\KeyboardInputGetter\KeybordKeyType.h">
      <Filter>ヘッダー ファイル</Filter>
    </ClInclude>
    <ClInclude Include="inc\TktkDX12Game\DXGameResource\DXGameShaderResouse\MeshResouse\Skeleton\SkeletonManager.h">
      <Filter>ヘッダー ファイル</Filter>
    </ClInclude>
    <ClInclude Include="inc\TktkDX12Game\DXGameResource\DXGameShaderResouse\MeshResouse\Motion\MotionManager.h">
      <Filter>ヘッダー ファイル</Filter>
    </ClInclude>
    <ClInclude Include="inc\TktkDX12Game\DXGameResource\DXGameShaderResouse\Line2D\Line2DMaterialManager.h">
      <Filter>ヘッダー ファイル</Filter>
    </ClInclude>
    <ClInclude Include="inc\TktkDX12Game\DXGameResource\DXGameShaderResouse\Billboard\BillboardMaterialManager.h">
      <Filter>ヘッダー ファイル</Filter>
    </ClInclude>
    <ClInclude Include="inc\TktkDX12Game\DXGameResource\DXGameShaderResouse\PostEffect\PostEffectMaterialManager.h">
      <Filter>ヘッダー ファイル</Filter>
    </ClInclude>
    <ClInclude Include="inc\TktkDX12Game\DXGameResource\DXGameShaderResouse\Sprite\SpriteMaterialManager.h">
      <Filter>ヘッダー ファイル</Filter>
    </ClInclude>
    <ClInclude Include="inc\TktkDX12Game\DXGameResource\OtherResouse\Sound\SoundManager.h">
      <Filter>ヘッダー ファイル</Filter>
    </ClInclude>
    <ClInclude Include="inc\TktkDX12Game\DXGameResource\Draw3DParameters\Camera\CameraManager.h">
      <Filter>ヘッダー ファイル</Filter>
    </ClInclude>
    <ClInclude Include="inc\TktkDX12Game\DXGameResource\Draw3DParameters\Light\LightManager.h">
      <Filter>ヘッダー ファイル</Filter>
    </ClInclude>
    <ClInclude Include="inc\TktkDX12Game\GraphicManager\Window\Window.h">
      <Filter>ヘッダー ファイル</Filter>
    </ClInclude>
    <ClInclude Include="inc\TktkDX12Game\GraphicManager\Window\WindowInitParam.h">
      <Filter>ヘッダー ファイル</Filter>
    </ClInclude>
    <ClInclude Include="inc\TktkDX12Game\DXGameResource\DXGameShaderResouse\MeshResouse\Mesh\Structs\CameraCbuffer.h">
      <Filter>ヘッダー ファイル</Filter>
    </ClInclude>
    <ClInclude Include="inc\TktkDX12Game\DXGameResource\DXGameShaderResouse\MeshResouse\Structs\DrawMeshShaderFilePaths.h">
      <Filter>ヘッダー ファイル</Filter>
    </ClInclude>
    <ClInclude Include="inc\TktkDX12BaseComponents\3D\MeshDrawer\MeshDrawer.h">
      <Filter>ヘッダー ファイル</Filter>
    </ClInclude>
    <ClInclude Include="inc\TktkDX12BaseComponents\3D\MeshDrawer\MeshDrawerMaker.h">
      <Filter>ヘッダー ファイル</Filter>
    </ClInclude>
    <ClInclude Include="inc\TktkDX12BaseComponents\3D\MeshDrawer\MeshDrawFuncRunner.h">
      <Filter>ヘッダー ファイル</Filter>
    </ClInclude>
    <ClInclude Include="inc\TktkDX12BaseComponents\3D\MeshDrawer\MeshDrawFuncRunnerInitParam.h">
      <Filter>ヘッダー ファイル</Filter>
    </ClInclude>
    <ClInclude Include="inc\TktkDX12BaseComponents\3D\ShadowMapWriter\WriteMeshShadowMapFuncRunner.h">
      <Filter>ヘッダー ファイル</Filter>
    </ClInclude>
    <ClInclude Include="inc\TktkDX12Game\DXGameResource\DXGameShaderResouse\MeshResouse\Mesh\Structs\MonoColorInstanceVertData.h">
      <Filter>ヘッダー ファイル</Filter>
    </ClInclude>
    <ClInclude Include="inc\TktkDX12BaseComponents\3D\MeshDrawer\MonoColorMeshDrawer.h">
      <Filter>ヘッダー ファイル</Filter>
    </ClInclude>
    <ClInclude Include="inc\TktkDX12BaseComponents\3D\MeshDrawer\MonoColorMeshDrawerMaker.h">
      <Filter>ヘッダー ファイル</Filter>
    </ClInclude>
    <ClInclude Include="inc\TktkDX12Game\DXGameResource\DXGameShaderResouse\Billboard\BillboardMaterialInstanceVertData.h">
      <Filter>ヘッダー ファイル</Filter>
    </ClInclude>
    <ClInclude Include="inc\TktkDX12BaseComponents\3D\BillboardDrawer\BillboardDrawFuncRunner.h">
      <Filter>ヘッダー ファイル</Filter>
    </ClInclude>
    <ClInclude Include="inc\TktkDX12BaseComponents\3D\BillboardDrawer\BillboardDrawFuncRunnerInitParam.h">
      <Filter>ヘッダー ファイル</Filter>
    </ClInclude>
    <ClInclude Include="inc\TktkDX12BaseComponents\3D\Effects\BillboardSpreadEffect\BillboardSpreadEffectCreator.h">
      <Filter>ヘッダー ファイル</Filter>
    </ClInclude>
    <ClInclude Include="inc\TktkDX12BaseComponents\3D\Effects\BillboardSpreadEffect\BillboardSpreadEffectParam.h">
      <Filter>ヘッダー ファイル</Filter>
    </ClInclude>
    <ClInclude Include="inc\TktkDX12BaseComponents\3D\Effects\BillboardSpreadEffect\Particle\BillboardSpreadEffectParticle.h">
      <Filter>ヘッダー ファイル</Filter>
    </ClInclude>
    <ClInclude Include="inc\TktkDX12BaseComponents\3D\Effects\BillboardSpreadEffect\BillboardSpreadEffectCreatorMaker.h">
      <Filter>ヘッダー ファイル</Filter>
    </ClInclude>
    <ClInclude Include="inc\TktkDX12BaseComponents\3D\Effects\BillboardShrinkEffect\Particle\BillboardShrinkEffectParticle.h">
      <Filter>ヘッダー ファイル</Filter>
    </ClInclude>
    <ClInclude Include="inc\TktkDX12BaseComponents\3D\Effects\BillboardShrinkEffect\BillboardShrinkEffectParam.h">
      <Filter>ヘッダー ファイル</Filter>
    </ClInclude>
    <ClInclude Include="inc\TktkDX12BaseComponents\3D\Effects\BillboardShrinkEffect\BillboardShrinkEffectCreator.h">
      <Filter>ヘッダー ファイル</Filter>
    </ClInclude>
    <ClInclude Include="inc\TktkDX12BaseComponents\3D\Effects\BillboardShrinkEffect\BillboardShrinkEffectCreatorMaker.h">
      <Filter>ヘッダー ファイル</Filter>
    </ClInclude>
    <ClInclude Include="inc\TktkDX12BaseComponents\Other\Sound\SoundPlayTimer.h">
      <Filter>ヘッダー ファイル</Filter>
    </ClInclude>
    <ClInclude Include="inc\TktkDX12BaseComponents\Other\Sound\SoundPlayTimerMaker.h">
      <Filter>ヘッダー ファイル</Filter>
    </ClInclude>
    <ClInclude Include="inc\TktkDX12BaseComponents\3D\Camera\ShadowMapCameraController.h">
      <Filter>ヘッダー ファイル</Filter>
    </ClInclude>
    <ClInclude Include="inc\TktkDX12BaseComponents\3D\Camera\ShadowMapCameraControllerMaker.h">
      <Filter>ヘッダー ファイル</Filter>
    </ClInclude>
  </ItemGroup>
  <ItemGroup>
    <ClCompile Include="src\TktkDX12Game\_MainManager\DX12GameManager.cpp">
      <Filter>ソース ファイル</Filter>
    </ClCompile>
    <ClCompile Include="src\TktkDX12Game\DXGameResource\DXGameResource.cpp">
      <Filter>ソース ファイル</Filter>
    </ClCompile>
    <ClCompile Include="src\TktkDX12BaseComponents\2D\PostEffectDrawer\PostEffectDrawer.cpp">
      <Filter>ソース ファイル</Filter>
    </ClCompile>
    <ClCompile Include="src\TktkDX12BaseComponents\2D\PostEffectDrawer\PostEffectDrawerMaker.cpp">
      <Filter>ソース ファイル</Filter>
    </ClCompile>
    <ClCompile Include="src\TktkDX12BaseComponents\2D\SpriteDrawer\SpriteDrawer.cpp">
      <Filter>ソース ファイル</Filter>
    </ClCompile>
    <ClCompile Include="src\TktkDX12BaseComponents\2D\SpriteDrawer\SpriteDrawerMaker.cpp">
      <Filter>ソース ファイル</Filter>
    </ClCompile>
    <ClCompile Include="src\TktkDX12BaseComponents\2D\Transform2D\Transform2D.cpp">
      <Filter>ソース ファイル</Filter>
    </ClCompile>
    <ClCompile Include="src\TktkDX12BaseComponents\2D\Transform2D\Transform2DMaker.cpp">
      <Filter>ソース ファイル</Filter>
    </ClCompile>
    <ClCompile Include="src\TktkDX12BaseComponents\3D\MeshAnimator\MeshAnimator.cpp">
      <Filter>ソース ファイル</Filter>
    </ClCompile>
    <ClCompile Include="src\TktkDX12BaseComponents\3D\MeshAnimator\MeshAnimatorMaker.cpp">
      <Filter>ソース ファイル</Filter>
    </ClCompile>
    <ClCompile Include="src\TktkDX12BaseComponents\3D\Transform3D\Transform3D.cpp">
      <Filter>ソース ファイル</Filter>
    </ClCompile>
    <ClCompile Include="src\TktkDX12BaseComponents\3D\Transform3D\Transform3DMaker.cpp">
      <Filter>ソース ファイル</Filter>
    </ClCompile>
    <ClCompile Include="src\TktkDX12BaseComponents\3D\Camera\BasicCameraController.cpp">
      <Filter>ソース ファイル</Filter>
    </ClCompile>
    <ClCompile Include="src\TktkDX12BaseComponents\3D\Camera\BasicCameraControllerMaker.cpp">
      <Filter>ソース ファイル</Filter>
    </ClCompile>
    <ClCompile Include="src\TktkDX12BaseComponents\3D\Camera\OrthographicCameraController.cpp">
      <Filter>ソース ファイル</Filter>
    </ClCompile>
    <ClCompile Include="src\TktkDX12BaseComponents\3D\Camera\OrthographicCameraControllerMaker.cpp">
      <Filter>ソース ファイル</Filter>
    </ClCompile>
    <ClCompile Include="src\TktkDX12BaseComponents\3D\Light\PointLightController.cpp">
      <Filter>ソース ファイル</Filter>
    </ClCompile>
    <ClCompile Include="src\TktkDX12BaseComponents\3D\Light\PointLightControllerMaker.cpp">
      <Filter>ソース ファイル</Filter>
    </ClCompile>
    <ClCompile Include="src\TktkDX12BaseComponents\Other\Sound\SoundPlayer.cpp">
      <Filter>ソース ファイル</Filter>
    </ClCompile>
    <ClCompile Include="src\TktkDX12BaseComponents\2D\CircleCollider\CircleCollider.cpp">
      <Filter>ソース ファイル</Filter>
    </ClCompile>
    <ClCompile Include="src\TktkDX12BaseComponents\2D\CircleCollider\CircleColliderMaker.cpp">
      <Filter>ソース ファイル</Filter>
    </ClCompile>
    <ClCompile Include="src\TktkDX12BaseComponents\2D\InertialMovement2D\InertialMovement2D.cpp">
      <Filter>ソース ファイル</Filter>
    </ClCompile>
    <ClCompile Include="src\TktkDX12BaseComponents\2D\InertialMovement2D\InertialMovement2DMaker.cpp">
      <Filter>ソース ファイル</Filter>
    </ClCompile>
    <ClCompile Include="src\TktkDX12BaseComponents\2D\InertialRotatement2D\InertialRotatement2D.cpp">
      <Filter>ソース ファイル</Filter>
    </ClCompile>
    <ClCompile Include="src\TktkDX12BaseComponents\2D\InertialRotatement2D\InertialRotatement2DMaker.cpp">
      <Filter>ソース ファイル</Filter>
    </ClCompile>
    <ClCompile Include="src\TktkDX12BaseComponents\2D\Polygon2dCollider\Polygon2dCollider.cpp">
      <Filter>ソース ファイル</Filter>
    </ClCompile>
    <ClCompile Include="src\TktkDX12BaseComponents\2D\Polygon2dCollider\Polygon2dColliderMaker.cpp">
      <Filter>ソース ファイル</Filter>
    </ClCompile>
    <ClCompile Include="src\TktkDX12BaseComponents\2D\RectCollider\RectCollider.cpp">
      <Filter>ソース ファイル</Filter>
    </ClCompile>
    <ClCompile Include="src\TktkDX12BaseComponents\2D\RectCollider\RectColliderMaker.cpp">
      <Filter>ソース ファイル</Filter>
    </ClCompile>
    <ClCompile Include="src\TktkDX12BaseComponents\3D\BoxCollider\BoxCollider.cpp">
      <Filter>ソース ファイル</Filter>
    </ClCompile>
    <ClCompile Include="src\TktkDX12BaseComponents\3D\BoxCollider\BoxColliderMaker.cpp">
      <Filter>ソース ファイル</Filter>
    </ClCompile>
    <ClCompile Include="src\TktkDX12BaseComponents\3D\InertialMovement3D\InertialMovement3D.cpp">
      <Filter>ソース ファイル</Filter>
    </ClCompile>
    <ClCompile Include="src\TktkDX12BaseComponents\3D\InertialMovement3D\InertialMovement3DMaker.cpp">
      <Filter>ソース ファイル</Filter>
    </ClCompile>
    <ClCompile Include="src\TktkDX12BaseComponents\3D\SphereCollider\SphereCollider.cpp">
      <Filter>ソース ファイル</Filter>
    </ClCompile>
    <ClCompile Include="src\TktkDX12BaseComponents\3D\SphereCollider\SphereColliderMaker.cpp">
      <Filter>ソース ファイル</Filter>
    </ClCompile>
    <ClCompile Include="src\TktkDX12BaseComponents\Other\ReceiveMessageToSelfDestroyer\ReceiveMessageToSelfDestroyer.cpp">
      <Filter>ソース ファイル</Filter>
    </ClCompile>
    <ClCompile Include="src\TktkDX12BaseComponents\Other\ReceiveMessageToSelfDestroyer\ReceiveMessageToSelfDestroyerMaker.cpp">
      <Filter>ソース ファイル</Filter>
    </ClCompile>
    <ClCompile Include="src\TktkDX12BaseComponents\3D\Camera\FirstPersonModule.cpp">
      <Filter>ソース ファイル</Filter>
    </ClCompile>
    <ClCompile Include="src\TktkDX12BaseComponents\3D\Camera\FirstPersonModuleMaker.cpp">
      <Filter>ソース ファイル</Filter>
    </ClCompile>
    <ClCompile Include="src\TktkDX12BaseComponents\2D\Line2dDrawer\Line2DDrawer.cpp">
      <Filter>ソース ファイル</Filter>
    </ClCompile>
    <ClCompile Include="src\TktkDX12BaseComponents\2D\Line2dDrawer\Line2DDrawerMaker.cpp">
      <Filter>ソース ファイル</Filter>
    </ClCompile>
    <ClCompile Include="src\TktkDX12BaseComponents\2D\ColliderWireFrameDrawer2D\ColliderWireFrameDrawer2D.cpp">
      <Filter>ソース ファイル</Filter>
    </ClCompile>
    <ClCompile Include="src\TktkDX12BaseComponents\2D\ColliderWireFrameDrawer2D\ColliderWireFrameDrawer2DMaker.cpp">
      <Filter>ソース ファイル</Filter>
    </ClCompile>
    <ClCompile Include="src\TktkDX12BaseComponents\3D\ColliderWireFrameDrawer3D\ColliderWireFrameDrawer3D.cpp">
      <Filter>ソース ファイル</Filter>
    </ClCompile>
    <ClCompile Include="src\TktkDX12BaseComponents\3D\ColliderWireFrameDrawer3D\ColliderWireFrameDrawer3DMaker.cpp">
      <Filter>ソース ファイル</Filter>
    </ClCompile>
    <ClCompile Include="src\TktkDX12Game\TktkDX12Game.cpp">
      <Filter>ソース ファイル</Filter>
    </ClCompile>
    <ClCompile Include="src\TktkDX12BaseComponents\3D\Light\DirectionalLightController.cpp">
      <Filter>ソース ファイル</Filter>
    </ClCompile>
    <ClCompile Include="src\TktkDX12BaseComponents\3D\Light\DirectionalLightControllerMaker.cpp">
      <Filter>ソース ファイル</Filter>
    </ClCompile>
    <ClCompile Include="src\TktkDX12BaseComponents\2D\SpriteDrawer\SpriteClippingDrawer.cpp">
      <Filter>ソース ファイル</Filter>
    </ClCompile>
    <ClCompile Include="src\TktkDX12BaseComponents\2D\SpriteDrawer\SpriteClippingDrawerMaker.cpp">
      <Filter>ソース ファイル</Filter>
    </ClCompile>
    <ClCompile Include="src\TktkDX12BaseComponents\3D\BillboardDrawer\BillboardDrawer.cpp">
      <Filter>ソース ファイル</Filter>
    </ClCompile>
    <ClCompile Include="src\TktkDX12BaseComponents\3D\BillboardDrawer\BillboardDrawerMaker.cpp">
      <Filter>ソース ファイル</Filter>
    </ClCompile>
    <ClCompile Include="src\TktkDX12BaseComponents\Other\Sound\SoundPlayerMaker.cpp">
      <Filter>ソース ファイル</Filter>
    </ClCompile>
    <ClCompile Include="src\TktkDX12BaseComponents\3D\MeshAnimator\MotionChanger.cpp">
      <Filter>ソース ファイル</Filter>
    </ClCompile>
    <ClCompile Include="src\TktkDX12BaseComponents\3D\MeshAnimator\MotionChangerMaker.cpp">
      <Filter>ソース ファイル</Filter>
    </ClCompile>
    <ClCompile Include="src\TktkDX12Game\UtilityProcessManager\TimeManager\ElapsedTimer.cpp">
      <Filter>ソース ファイル</Filter>
    </ClCompile>
    <ClCompile Include="src\TktkDX12Game\UtilityProcessManager\InputManager\CommandTypeManager\CommandTypeManager.cpp">
      <Filter>ソース ファイル</Filter>
    </ClCompile>
    <ClCompile Include="src\TktkDX12Game\UtilityProcessManager\InputManager\InputGetter\DirectInputWrapper\DirectInputWrapper.cpp">
      <Filter>ソース ファイル</Filter>
    </ClCompile>
    <ClCompile Include="src\TktkDX12Game\UtilityProcessManager\InputManager\InputGetter\InputGetter.cpp">
      <Filter>ソース ファイル</Filter>
    </ClCompile>
    <ClCompile Include="src\TktkDX12Game\UtilityProcessManager\InputManager\InputManager.cpp">
      <Filter>ソース ファイル</Filter>
    </ClCompile>
    <ClCompile Include="src\TktkDX12Game\UtilityProcessManager\UtilityProcessManager.cpp">
      <Filter>ソース ファイル</Filter>
    </ClCompile>
    <ClCompile Include="src\TktkDX12Game\UtilityProcessManager\ResourceHandleGetter\SystemResourceHandleGetter\SystemResourceHandleGetter.cpp">
      <Filter>ソース ファイル</Filter>
    </ClCompile>
    <ClCompile Include="src\TktkDX12Game\UtilityProcessManager\ResourceHandleGetter\ResourceHandleGetter.cpp">
      <Filter>ソース ファイル</Filter>
    </ClCompile>
    <ClCompile Include="src\TktkDX12Game\UtilityProcessManager\ResourceHandleGetter\ResourceIdConverter\ResourceIdConverter.cpp">
      <Filter>ソース ファイル</Filter>
    </ClCompile>
    <ClCompile Include="src\TktkDX12Game\GraphicManager\GraphicManager.cpp">
      <Filter>ソース ファイル</Filter>
    </ClCompile>
    <ClCompile Include="src\TktkDX12Game\DXGameResource\Draw3DParameters\Draw3DParameters.cpp">
      <Filter>ソース ファイル</Filter>
    </ClCompile>
    <ClCompile Include="src\TktkDX12Game\DXGameResource\Draw3DParameters\Camera\CameraData.cpp">
      <Filter>ソース ファイル</Filter>
    </ClCompile>
    <ClCompile Include="src\TktkDX12Game\DXGameResource\Draw3DParameters\Light\LightData.cpp">
      <Filter>ソース ファイル</Filter>
    </ClCompile>
    <ClCompile Include="src\TktkDX12Game\DXGameResource\OtherResouse\Scene\SceneInstanceCarrier.cpp">
      <Filter>ソース ファイル</Filter>
    </ClCompile>
    <ClCompile Include="src\TktkDX12Game\DXGameResource\OtherResouse\Scene\SceneManager.cpp">
      <Filter>ソース ファイル</Filter>
    </ClCompile>
    <ClCompile Include="src\TktkDX12Game\DXGameResource\OtherResouse\Sound\CSoundCallback.cpp">
      <Filter>ソース ファイル</Filter>
    </ClCompile>
    <ClCompile Include="src\TktkDX12Game\DXGameResource\OtherResouse\Sound\SoundData.cpp">
      <Filter>ソース ファイル</Filter>
    </ClCompile>
    <ClCompile Include="src\TktkDX12Game\DXGameResource\OtherResouse\OtherResouse.cpp">
      <Filter>ソース ファイル</Filter>
    </ClCompile>
    <ClCompile Include="src\TktkDX12Game\DXGameResource\DXGameShaderResouse\Billboard\BillboardMaterialData.cpp">
      <Filter>ソース ファイル</Filter>
    </ClCompile>
    <ClCompile Include="src\TktkDX12Game\DXGameResource\DXGameShaderResouse\Line2D\Line2DMaterialData.cpp">
      <Filter>ソース ファイル</Filter>
    </ClCompile>
    <ClCompile Include="src\TktkDX12Game\DXGameResource\DXGameShaderResouse\PostEffect\PostEffectMaterialData.cpp">
      <Filter>ソース ファイル</Filter>
    </ClCompile>
    <ClCompile Include="src\TktkDX12Game\DXGameResource\DXGameShaderResouse\Sprite\SpriteMaterialData.cpp">
      <Filter>ソース ファイル</Filter>
    </ClCompile>
    <ClCompile Include="src\TktkDX12Game\DXGameResource\DXGameShaderResouse\MeshResouse\Motion\MotionData.cpp">
      <Filter>ソース ファイル</Filter>
    </ClCompile>
    <ClCompile Include="src\TktkDX12Game\DXGameResource\DXGameShaderResouse\MeshResouse\Skeleton\SkeletonData.cpp">
      <Filter>ソース ファイル</Filter>
    </ClCompile>
    <ClCompile Include="src\TktkDX12Game\DXGameResource\DXGameShaderResouse\MeshResouse\MeshResource.cpp">
      <Filter>ソース ファイル</Filter>
    </ClCompile>
    <ClCompile Include="src\TktkDX12Game\DXGameResource\DXGameShaderResouse\MeshResouse\Mesh\Maker\BoxMeshMaker.cpp">
      <Filter>ソース ファイル</Filter>
    </ClCompile>
    <ClCompile Include="src\TktkDX12Game\DXGameResource\DXGameShaderResouse\MeshResouse\Mesh\Maker\SphereMeshMaker.cpp">
      <Filter>ソース ファイル</Filter>
    </ClCompile>
    <ClCompile Include="src\TktkDX12Game\DXGameResource\DXGameShaderResouse\MeshResouse\Mesh\MeshData.cpp">
      <Filter>ソース ファイル</Filter>
    </ClCompile>
    <ClCompile Include="src\TktkDX12Game\DXGameResource\DXGameShaderResouse\MeshResouse\MeshMaterial\MeshMaterialData.cpp">
      <Filter>ソース ファイル</Filter>
    </ClCompile>
    <ClCompile Include="src\TktkDX12Game\DXGameResource\DXGameShaderResouse\MeshResouse\MeshMaterial\MeshMaterialAppendParam.cpp">
      <Filter>ソース ファイル</Filter>
    </ClCompile>
    <ClCompile Include="src\TktkDX12Game\DXGameResource\DXGameShaderResouse\MeshResouse\Mesh\Loader\MeshPmdLoader.cpp">
      <Filter>ソース ファイル</Filter>
    </ClCompile>
    <ClCompile Include="src\TktkDX12Game\DXGameResource\DXGameShaderResouse\MeshResouse\Mesh\Loader\MeshPmxLoader.cpp">
      <Filter>ソース ファイル</Filter>
    </ClCompile>
    <ClCompile Include="src\TktkDX12Game\DXGameResource\DXGameShaderResouse\MeshResouse\Mesh\MeshManager.cpp">
      <Filter>ソース ファイル</Filter>
    </ClCompile>
    <ClCompile Include="src\TktkDX12Game\DXGameResource\DXGameShaderResouse\MeshResouse\MeshMaterial\MeshMaterialManager.cpp">
      <Filter>ソース ファイル</Filter>
    </ClCompile>
    <ClCompile Include="src\TktkDX12Game\DXGameResource\DXGameShaderResouse\DXGameShaderResouse.cpp">
      <Filter>ソース ファイル</Filter>
    </ClCompile>
    <ClCompile Include="src\TktkDX12Game\DXGameResource\GameObjectResouse\Component\ComponentCollisionFunc\ComponentCollisionFuncRunner.cpp">
      <Filter>ソース ファイル</Filter>
    </ClCompile>
    <ClCompile Include="src\TktkDX12Game\DXGameResource\GameObjectResouse\Component\ComponentCollisionFunc\ComponentCollisionList.cpp">
      <Filter>ソース ファイル</Filter>
    </ClCompile>
    <ClCompile Include="src\TktkDX12Game\DXGameResource\GameObjectResouse\Component\ComponentDrawFunc\ComponentDrawFuncRunner.cpp">
      <Filter>ソース ファイル</Filter>
    </ClCompile>
    <ClCompile Include="src\TktkDX12Game\DXGameResource\GameObjectResouse\Component\ComponentDrawFunc\ComponentDrawList.cpp">
      <Filter>ソース ファイル</Filter>
    </ClCompile>
    <ClCompile Include="src\TktkDX12Game\DXGameResource\GameObjectResouse\Component\ComponentGameObjectFunc\ComponentGameObjectFuncRunner.cpp">
      <Filter>ソース ファイル</Filter>
    </ClCompile>
    <ClCompile Include="src\TktkDX12Game\DXGameResource\GameObjectResouse\Component\ComponentGameObjectFunc\GameObjectComponentList.cpp">
      <Filter>ソース ファイル</Filter>
    </ClCompile>
    <ClCompile Include="src\TktkDX12Game\DXGameResource\GameObjectResouse\Component\ComponentStartFunc\ComponentStartFuncRunner.cpp">
      <Filter>ソース ファイル</Filter>
    </ClCompile>
    <ClCompile Include="src\TktkDX12Game\DXGameResource\GameObjectResouse\Component\ComponentStartFunc\ComponentStartList.cpp">
      <Filter>ソース ファイル</Filter>
    </ClCompile>
    <ClCompile Include="src\TktkDX12Game\DXGameResource\GameObjectResouse\Component\DefaultComponents\ParentChildManager\ChildList.cpp">
      <Filter>ソース ファイル</Filter>
    </ClCompile>
    <ClCompile Include="src\TktkDX12Game\DXGameResource\GameObjectResouse\Component\DefaultComponents\ParentChildManager\ParentChildManager.cpp">
      <Filter>ソース ファイル</Filter>
    </ClCompile>
    <ClCompile Include="src\TktkDX12Game\DXGameResource\GameObjectResouse\Component\DefaultComponents\StateMachine\CurStateTypeList.cpp">
      <Filter>ソース ファイル</Filter>
    </ClCompile>
    <ClCompile Include="src\TktkDX12Game\DXGameResource\GameObjectResouse\Component\DefaultComponents\StateMachine\StateMachine.cpp">
      <Filter>ソース ファイル</Filter>
    </ClCompile>
    <ClCompile Include="src\TktkDX12Game\DXGameResource\GameObjectResouse\Component\DefaultComponents\StateMachine\StateMachineList.cpp">
      <Filter>ソース ファイル</Filter>
    </ClCompile>
    <ClCompile Include="src\TktkDX12Game\DXGameResource\GameObjectResouse\Component\ComponentBase.cpp">
      <Filter>ソース ファイル</Filter>
    </ClCompile>
    <ClCompile Include="src\TktkDX12Game\DXGameResource\GameObjectResouse\Component\ComponentBasePtr.cpp">
      <Filter>ソース ファイル</Filter>
    </ClCompile>
    <ClCompile Include="src\TktkDX12Game\DXGameResource\GameObjectResouse\Component\ComponentManager.cpp">
      <Filter>ソース ファイル</Filter>
    </ClCompile>
    <ClCompile Include="src\TktkDX12Game\DXGameResource\GameObjectResouse\GameObject\GameObject.cpp">
      <Filter>ソース ファイル</Filter>
    </ClCompile>
    <ClCompile Include="src\TktkDX12Game\DXGameResource\GameObjectResouse\GameObject\GameObjectManager.cpp">
      <Filter>ソース ファイル</Filter>
    </ClCompile>
    <ClCompile Include="src\TktkDX12Game\DXGameResource\GameObjectResouse\GameObject\GameObjectPtr.cpp">
      <Filter>ソース ファイル</Filter>
    </ClCompile>
    <ClCompile Include="src\TktkDX12Game\DXGameResource\GameObjectResouse\GameObject\GameObjectTagList.cpp">
      <Filter>ソース ファイル</Filter>
    </ClCompile>
    <ClCompile Include="src\TktkDX12Game\DXGameResource\GameObjectResouse\Component\PriorityList\ComponentRunFuncPriorityList.cpp">
      <Filter>ソース ファイル</Filter>
    </ClCompile>
    <ClCompile Include="src\TktkDX12Game\DXGameResource\GameObjectResouse\Component\ComponentMainList\ComponentTypeList.cpp">
      <Filter>ソース ファイル</Filter>
    </ClCompile>
    <ClCompile Include="src\TktkDX12Game\DXGameResource\GameObjectResouse\Component\ComponentMainList\ComponentMainList.cpp">
      <Filter>ソース ファイル</Filter>
    </ClCompile>
    <ClCompile Include="src\TktkDX12Game\DXGameResource\GameObjectResouse\GameObjectResouse.cpp">
      <Filter>ソース ファイル</Filter>
    </ClCompile>
    <ClCompile Include="src\TktkDX12Game\DXGameResource\GameObjectResouse\Component\DefaultComponents\StateMachine\Structs\StateMachineListInitParam.cpp">
      <Filter>ソース ファイル</Filter>
    </ClCompile>
    <ClCompile Include="src\TktkDX12Game\UtilityProcessManager\InputManager\InputGetter\MouseInputGetter\MouseInputGetter.cpp">
      <Filter>ソース ファイル</Filter>
    </ClCompile>
    <ClCompile Include="src\TktkDX12Game\UtilityProcessManager\InputManager\InputGetter\DirectInputWrapper\GamePadInputGetter\GamePadInputGetter.cpp">
      <Filter>ソース ファイル</Filter>
    </ClCompile>
    <ClCompile Include="src\TktkDX12Game\UtilityProcessManager\InputManager\InputGetter\DirectInputWrapper\KeyboardInputGetter\KeyboardInputGetter.cpp">
      <Filter>ソース ファイル</Filter>
    </ClCompile>
    <ClCompile Include="src\TktkDX12Game\DXGameResource\DXGameShaderResouse\MeshResouse\Skeleton\SkeletonManager.cpp">
      <Filter>ソース ファイル</Filter>
    </ClCompile>
    <ClCompile Include="src\TktkDX12Game\DXGameResource\DXGameShaderResouse\MeshResouse\Motion\MotionManager.cpp">
      <Filter>ソース ファイル</Filter>
    </ClCompile>
    <ClCompile Include="src\TktkDX12Game\DXGameResource\DXGameShaderResouse\Line2D\Line2DMaterialManager.cpp">
      <Filter>ソース ファイル</Filter>
    </ClCompile>
    <ClCompile Include="src\TktkDX12Game\DXGameResource\DXGameShaderResouse\Billboard\BillboardMaterialManager.cpp">
      <Filter>ソース ファイル</Filter>
    </ClCompile>
    <ClCompile Include="src\TktkDX12Game\DXGameResource\DXGameShaderResouse\PostEffect\PostEffectMaterialManager.cpp">
      <Filter>ソース ファイル</Filter>
    </ClCompile>
    <ClCompile Include="src\TktkDX12Game\DXGameResource\DXGameShaderResouse\Sprite\SpriteMaterialManager.cpp">
      <Filter>ソース ファイル</Filter>
    </ClCompile>
    <ClCompile Include="src\TktkDX12Game\DXGameResource\OtherResouse\Sound\SoundManager.cpp">
      <Filter>ソース ファイル</Filter>
    </ClCompile>
    <ClCompile Include="src\TktkDX12Game\DXGameResource\Draw3DParameters\Camera\CameraManager.cpp">
      <Filter>ソース ファイル</Filter>
    </ClCompile>
    <ClCompile Include="src\TktkDX12Game\DXGameResource\Draw3DParameters\Light\LightManager.cpp">
      <Filter>ソース ファイル</Filter>
    </ClCompile>
    <ClCompile Include="src\TktkDX12Game\GraphicManager\Window\Window.cpp">
      <Filter>ソース ファイル</Filter>
    </ClCompile>
    <ClCompile Include="src\TktkDX12BaseComponents\3D\MeshDrawer\MeshDrawer.cpp">
      <Filter>ソース ファイル</Filter>
    </ClCompile>
    <ClCompile Include="src\TktkDX12BaseComponents\3D\MeshDrawer\MeshDrawerMaker.cpp">
      <Filter>ソース ファイル</Filter>
    </ClCompile>
    <ClCompile Include="src\TktkDX12BaseComponents\3D\MeshDrawer\MeshDrawFuncRunner.cpp">
      <Filter>ソース ファイル</Filter>
    </ClCompile>
    <ClCompile Include="src\TktkDX12BaseComponents\3D\MeshDrawer\MeshDrawFuncRunnerInitParam.cpp">
      <Filter>ソース ファイル</Filter>
    </ClCompile>
    <ClCompile Include="src\TktkDX12BaseComponents\3D\ShadowMapWriter\WriteMeshShadowMapFuncRunner.cpp">
      <Filter>ソース ファイル</Filter>
    </ClCompile>
    <ClCompile Include="src\TktkDX12BaseComponents\3D\MeshDrawer\MonoColorMeshDrawer.cpp">
      <Filter>ソース ファイル</Filter>
    </ClCompile>
    <ClCompile Include="src\TktkDX12BaseComponents\3D\MeshDrawer\MonoColorMeshDrawerMaker.cpp">
      <Filter>ソース ファイル</Filter>
    </ClCompile>
    <ClCompile Include="src\TktkDX12BaseComponents\3D\BillboardDrawer\BillboardDrawFuncRunner.cpp">
      <Filter>ソース ファイル</Filter>
    </ClCompile>
    <ClCompile Include="src\TktkDX12BaseComponents\3D\BillboardDrawer\BillboardDrawFuncRunnerInitParam.cpp">
      <Filter>ソース ファイル</Filter>
    </ClCompile>
    <ClCompile Include="src\TktkDX12BaseComponents\3D\Effects\BillboardSpreadEffect\BillboardSpreadEffectCreator.cpp">
      <Filter>ソース ファイル</Filter>
    </ClCompile>
    <ClCompile Include="src\TktkDX12BaseComponents\3D\Effects\BillboardSpreadEffect\Particle\BillboardSpreadEffectParticle.cpp">
      <Filter>ソース ファイル</Filter>
    </ClCompile>
    <ClCompile Include="src\TktkDX12BaseComponents\3D\Effects\BillboardSpreadEffect\BillboardSpreadEffectCreatorMaker.cpp">
      <Filter>ソース ファイル</Filter>
    </ClCompile>
    <ClCompile Include="src\TktkDX12BaseComponents\3D\Effects\BillboardShrinkEffect\Particle\BillboardShrinkEffectParticle.cpp">
      <Filter>ソース ファイル</Filter>
    </ClCompile>
    <ClCompile Include="src\TktkDX12BaseComponents\3D\Effects\BillboardShrinkEffect\BillboardShrinkEffectCreator.cpp">
      <Filter>ソース ファイル</Filter>
    </ClCompile>
    <ClCompile Include="src\TktkDX12BaseComponents\3D\Effects\BillboardShrinkEffect\BillboardShrinkEffectCreatorMaker.cpp">
      <Filter>ソース ファイル</Filter>
    </ClCompile>
    <ClCompile Include="src\TktkDX12BaseComponents\Other\Sound\SoundPlayTimer.cpp">
      <Filter>ソース ファイル</Filter>
    </ClCompile>
    <ClCompile Include="src\TktkDX12BaseComponents\Other\Sound\SoundPlayTimerMaker.cpp">
      <Filter>ソース ファイル</Filter>
    </ClCompile>
    <ClCompile Include="src\TktkDX12BaseComponents\3D\Camera\ShadowMapCameraController.cpp">
      <Filter>ソース ファイル</Filter>
    </ClCompile>
    <ClCompile Include="src\TktkDX12BaseComponents\3D\Camera\ShadowMapCameraControllerMaker.cpp">
      <Filter>ソース ファイル</Filter>
    </ClCompile>
  </ItemGroup>
  <ItemGroup>
    <FxCompile Include="shader\spriteShader\SpritePixelShader.hlsl" />
    <FxCompile Include="shader\spriteShader\SpriteVertexShader.hlsl" />
    <FxCompile Include="shader\postEffectShader\monochromeShader\MonochromePixelShader.hlsl" />
    <FxCompile Include="shader\postEffectShader\PostEffectVertexShader.hlsl" />
    <FxCompile Include="shader\line2DShader\Line2DPixelShader.hlsl" />
    <FxCompile Include="shader\line2DShader\Line2DVertexShader.hlsl" />
    <FxCompile Include="shader\billboardShader\BillboardPixelShader.hlsl" />
    <FxCompile Include="shader\billboardShader\BillboardVertexShader.hlsl" />
    <FxCompile Include="shader\shadowMapShader\SkinningMeshShadowMapVertexShader.hlsl" />
    <FxCompile Include="shader\basicMeshShader\SkinningMeshVertexShader.hlsl" />
    <FxCompile Include="shader\basicMeshShader\SimpleMeshVertexShader.hlsl" />
    <FxCompile Include="shader\shadowMapShader\SimpleMeshShadowMapVertexShader.hlsl" />
    <FxCompile Include="shader\basicMeshShader\BasicMeshPixelShader.hlsl" />
    <FxCompile Include="shader\monoColorMeshShader\MonoColorSimpleMeshVertexShader.hlsl" />
    <FxCompile Include="shader\monoColorMeshShader\MonoColorSkinningMeshVertexShader.hlsl" />
    <FxCompile Include="shader\monoColorMeshShader\MonoColorMeshPixelShader.hlsl" />
  </ItemGroup>
</Project>